
Microsoft Visual Studio Solution File, Format Version 12.00
# Visual Studio Version 17
VisualStudioVersion = 17.2.32630.192
MinimumVisualStudioVersion = 10.0.40219.1
Project("{9A19103F-16F7-4668-BE54-9A1E7A4F7556}") = "BestBuyBestPractices", "BestBuyBestPractices\BestBuyBestPractices.csproj", "{CAC3BC9C-D391-4689-B0F1-A5ED47655C5F}"
EndProject
Global
	GlobalSection(SolutionConfigurationPlatforms) = preSolution
		Debug|Any CPU = Debug|Any CPU
		Release|Any CPU = Release|Any CPU
	EndGlobalSection
	GlobalSection(ProjectConfigurationPlatforms) = postSolution
		{CAC3BC9C-D391-4689-B0F1-A5ED47655C5F}.Debug|Any CPU.ActiveCfg = Debug|Any CPU
		{CAC3BC9C-D391-4689-B0F1-A5ED47655C5F}.Debug|Any CPU.Build.0 = Debug|Any CPU
		{CAC3BC9C-D391-4689-B0F1-A5ED47655C5F}.Release|Any CPU.ActiveCfg = Release|Any CPU
		{CAC3BC9C-D391-4689-B0F1-A5ED47655C5F}.Release|Any CPU.Build.0 = Release|Any CPU
	EndGlobalSection
	GlobalSection(SolutionProperties) = preSolution
		HideSolutionNode = FALSE
	EndGlobalSection
	GlobalSection(ExtensibilityGlobals) = postSolution
		SolutionGuid = {F18B3AFE-B4E0-4F0D-9388-2537B5FD2F06}
	EndGlobalSection
EndGlobal
